
Microsoft Visual Studio Solution File, Format Version 12.00
# Visual Studio Version 16
VisualStudioVersion = 16.0.31729.503
MinimumVisualStudioVersion = 10.0.40219.1
Project("{FAE04EC0-301F-11D3-BF4B-00C04F79EFBC}") = "ProjectProject", "ProjectProject\ProjectProject.csproj", "{B8981829-36CA-47A7-920E-4E0D4363A947}"
EndProject
Global
	GlobalSection(SolutionConfigurationPlatforms) = preSolution
		Debug|Any CPU = Debug|Any CPU
		Release|Any CPU = Release|Any CPU
	EndGlobalSection
	GlobalSection(ProjectConfigurationPlatforms) = postSolution
		{B8981829-36CA-47A7-920E-4E0D4363A947}.Debug|Any CPU.ActiveCfg = Debug|Any CPU
		{B8981829-36CA-47A7-920E-4E0D4363A947}.Debug|Any CPU.Build.0 = Debug|Any CPU
		{B8981829-36CA-47A7-920E-4E0D4363A947}.Release|Any CPU.ActiveCfg = Release|Any CPU
		{B8981829-36CA-47A7-920E-4E0D4363A947}.Release|Any CPU.Build.0 = Release|Any CPU
	EndGlobalSection
	GlobalSection(SolutionProperties) = preSolution
		HideSolutionNode = FALSE
	EndGlobalSection
	GlobalSection(ExtensibilityGlobals) = postSolution
		SolutionGuid = {87504225-7C02-4AF2-A172-924ADFC481E8}
	EndGlobalSection
EndGlobal
